// !$*UTF8*$!
{
	archiveVersion = 1;
	classes = {
	};
	objectVersion = 56;
	objects = {

/* Begin PBXBuildFile section */
		F31B8C8B29889A5200AE99BA /* financial_ledgerApp.swift in Sources */ = {isa = PBXBuildFile; fileRef = F31B8C8A29889A5200AE99BA /* financial_ledgerApp.swift */; };
		F31B8C8D29889A5200AE99BA /* ContentView.swift in Sources */ = {isa = PBXBuildFile; fileRef = F31B8C8C29889A5200AE99BA /* ContentView.swift */; };
		F31B8C8F29889A5300AE99BA /* Assets.xcassets in Resources */ = {isa = PBXBuildFile; fileRef = F31B8C8E29889A5300AE99BA /* Assets.xcassets */; };
		F31B8C9229889A5300AE99BA /* Preview Assets.xcassets in Resources */ = {isa = PBXBuildFile; fileRef = F31B8C9129889A5300AE99BA /* Preview Assets.xcassets */; };
		F31B8C9C29889A5300AE99BA /* financial_ledgerTests.swift in Sources */ = {isa = PBXBuildFile; fileRef = F31B8C9B29889A5300AE99BA /* financial_ledgerTests.swift */; };
		F31B8CA629889A5300AE99BA /* financial_ledgerUITests.swift in Sources */ = {isa = PBXBuildFile; fileRef = F31B8CA529889A5300AE99BA /* financial_ledgerUITests.swift */; };
		F31B8CA829889A5300AE99BA /* financial_ledgerUITestsLaunchTests.swift in Sources */ = {isa = PBXBuildFile; fileRef = F31B8CA729889A5300AE99BA /* financial_ledgerUITestsLaunchTests.swift */; };
/* End PBXBuildFile section */

/* Begin PBXContainerItemProxy section */
		F31B8C9829889A5300AE99BA /* PBXContainerItemProxy */ = {
			isa = PBXContainerItemProxy;
			containerPortal = F31B8C7F29889A5200AE99BA /* Project object */;
			proxyType = 1;
			remoteGlobalIDString = F31B8C8629889A5200AE99BA;
			remoteInfo = "financial ledger";
		};
		F31B8CA229889A5300AE99BA /* PBXContainerItemProxy */ = {
			isa = PBXContainerItemProxy;
			containerPortal = F31B8C7F29889A5200AE99BA /* Project object */;
			proxyType = 1;
			remoteGlobalIDString = F31B8C8629889A5200AE99BA;
			remoteInfo = "financial ledger";
		};
/* End PBXContainerItemProxy section */

/* Begin PBXFileReference section */
		F31B8C8729889A5200AE99BA /* financial ledger.app */ = {isa = PBXFileReference; explicitFileType = wrapper.application; includeInIndex = 0; path = "financial ledger.app"; sourceTree = BUILT_PRODUCTS_DIR; };
		F31B8C8A29889A5200AE99BA /* financial_ledgerApp.swift */ = {isa = PBXFileReference; lastKnownFileType = sourcecode.swift; path = financial_ledgerApp.swift; sourceTree = "<group>"; };
		F31B8C8C29889A5200AE99BA /* ContentView.swift */ = {isa = PBXFileReference; lastKnownFileType = sourcecode.swift; path = ContentView.swift; sourceTree = "<group>"; };
		F31B8C8E29889A5300AE99BA /* Assets.xcassets */ = {isa = PBXFileReference; lastKnownFileType = folder.assetcatalog; path = Assets.xcassets; sourceTree = "<group>"; };
		F31B8C9129889A5300AE99BA /* Preview Assets.xcassets */ = {isa = PBXFileReference; lastKnownFileType = folder.assetcatalog; path = "Preview Assets.xcassets"; sourceTree = "<group>"; };
		F31B8C9729889A5300AE99BA /* financial ledgerTests.xctest */ = {isa = PBXFileReference; explicitFileType = wrapper.cfbundle; includeInIndex = 0; path = "financial ledgerTests.xctest"; sourceTree = BUILT_PRODUCTS_DIR; };
		F31B8C9B29889A5300AE99BA /* financial_ledgerTests.swift */ = {isa = PBXFileReference; lastKnownFileType = sourcecode.swift; path = financial_ledgerTests.swift; sourceTree = "<group>"; };
		F31B8CA129889A5300AE99BA /* financial ledgerUITests.xctest */ = {isa = PBXFileReference; explicitFileType = wrapper.cfbundle; includeInIndex = 0; path = "financial ledgerUITests.xctest"; sourceTree = BUILT_PRODUCTS_DIR; };
		F31B8CA529889A5300AE99BA /* financial_ledgerUITests.swift */ = {isa = PBXFileReference; lastKnownFileType = sourcecode.swift; path = financial_ledgerUITests.swift; sourceTree = "<group>"; };
		F31B8CA729889A5300AE99BA /* financial_ledgerUITestsLaunchTests.swift */ = {isa = PBXFileReference; lastKnownFileType = sourcecode.swift; path = financial_ledgerUITestsLaunchTests.swift; sourceTree = "<group>"; };
/* End PBXFileReference section */

/* Begin PBXFrameworksBuildPhase section */
		F31B8C8429889A5200AE99BA /* Frameworks */ = {
			isa = PBXFrameworksBuildPhase;
			buildActionMask = 2147483647;
			files = (
			);
			runOnlyForDeploymentPostprocessing = 0;
		};
		F31B8C9429889A5300AE99BA /* Frameworks */ = {
			isa = PBXFrameworksBuildPhase;
			buildActionMask = 2147483647;
			files = (
			);
			runOnlyForDeploymentPostprocessing = 0;
		};
		F31B8C9E29889A5300AE99BA /* Frameworks */ = {
			isa = PBXFrameworksBuildPhase;
			buildActionMask = 2147483647;
			files = (
			);
			runOnlyForDeploymentPostprocessing = 0;
		};
/* End PBXFrameworksBuildPhase section */

/* Begin PBXGroup section */
		F31B8C7E29889A5200AE99BA = {
			isa = PBXGroup;
			children = (
				F31B8C8929889A5200AE99BA /* financial ledger */,
				F31B8C9A29889A5300AE99BA /* financial ledgerTests */,
				F31B8CA429889A5300AE99BA /* financial ledgerUITests */,
				F31B8C8829889A5200AE99BA /* Products */,
			);
			sourceTree = "<group>";
		};
		F31B8C8829889A5200AE99BA /* Products */ = {
			isa = PBXGroup;
			children = (
				F31B8C8729889A5200AE99BA /* financial ledger.app */,
				F31B8C9729889A5300AE99BA /* financial ledgerTests.xctest */,
				F31B8CA129889A5300AE99BA /* financial ledgerUITests.xctest */,
			);
			name = Products;
			sourceTree = "<group>";
		};
		F31B8C8929889A5200AE99BA /* financial ledger */ = {
			isa = PBXGroup;
			children = (
				F31B8C8A29889A5200AE99BA /* financial_ledgerApp.swift */,
				F31B8C8C29889A5200AE99BA /* ContentView.swift */,
				F31B8C8E29889A5300AE99BA /* Assets.xcassets */,
				F31B8C9029889A5300AE99BA /* Preview Content */,
			);
			path = "financial ledger";
			sourceTree = "<group>";
		};
		F31B8C9029889A5300AE99BA /* Preview Content */ = {
			isa = PBXGroup;
			children = (
				F31B8C9129889A5300AE99BA /* Preview Assets.xcassets */,
			);
			path = "Preview Content";
			sourceTree = "<group>";
		};
		F31B8C9A29889A5300AE99BA /* financial ledgerTests */ = {
			isa = PBXGroup;
			children = (
				F31B8C9B29889A5300AE99BA /* financial_ledgerTests.swift */,
			);
			path = "financial ledgerTests";
			sourceTree = "<group>";
		};
		F31B8CA429889A5300AE99BA /* financial ledgerUITests */ = {
			isa = PBXGroup;
			children = (
				F31B8CA529889A5300AE99BA /* financial_ledgerUITests.swift */,
				F31B8CA729889A5300AE99BA /* financial_ledgerUITestsLaunchTests.swift */,
			);
			path = "financial ledgerUITests";
			sourceTree = "<group>";
		};
/* End PBXGroup section */

/* Begin PBXNativeTarget section */
		F31B8C8629889A5200AE99BA /* financial ledger */ = {
			isa = PBXNativeTarget;
			buildConfigurationList = F31B8CAB29889A5300AE99BA /* Build configuration list for PBXNativeTarget "financial ledger" */;
			buildPhases = (
				F31B8C8329889A5200AE99BA /* Sources */,
				F31B8C8429889A5200AE99BA /* Frameworks */,
				F31B8C8529889A5200AE99BA /* Resources */,
			);
			buildRules = (
			);
			dependencies = (
			);
			name = "financial ledger";
			productName = "financial ledger";
			productReference = F31B8C8729889A5200AE99BA /* financial ledger.app */;
			productType = "com.apple.product-type.application";
		};
		F31B8C9629889A5300AE99BA /* financial ledgerTests */ = {
			isa = PBXNativeTarget;
			buildConfigurationList = F31B8CAE29889A5300AE99BA /* Build configuration list for PBXNativeTarget "financial ledgerTests" */;
			buildPhases = (
				F31B8C9329889A5300AE99BA /* Sources */,
				F31B8C9429889A5300AE99BA /* Frameworks */,
				F31B8C9529889A5300AE99BA /* Resources */,
			);
			buildRules = (
			);
			dependencies = (
				F31B8C9929889A5300AE99BA /* PBXTargetDependency */,
			);
			name = "financial ledgerTests";
			productName = "financial ledgerTests";
			productReference = F31B8C9729889A5300AE99BA /* financial ledgerTests.xctest */;
			productType = "com.apple.product-type.bundle.unit-test";
		};
		F31B8CA029889A5300AE99BA /* financial ledgerUITests */ = {
			isa = PBXNativeTarget;
			buildConfigurationList = F31B8CB129889A5300AE99BA /* Build configuration list for PBXNativeTarget "financial ledgerUITests" */;
			buildPhases = (
				F31B8C9D29889A5300AE99BA /* Sources */,
				F31B8C9E29889A5300AE99BA /* Frameworks */,
				F31B8C9F29889A5300AE99BA /* Resources */,
			);
			buildRules = (
			);
			dependencies = (
				F31B8CA329889A5300AE99BA /* PBXTargetDependency */,
			);
			name = "financial ledgerUITests";
			productName = "financial ledgerUITests";
			productReference = F31B8CA129889A5300AE99BA /* financial ledgerUITests.xctest */;
			productType = "com.apple.product-type.bundle.ui-testing";
		};
/* End PBXNativeTarget section */

/* Begin PBXProject section */
		F31B8C7F29889A5200AE99BA /* Project object */ = {
			isa = PBXProject;
			attributes = {
				BuildIndependentTargetsInParallel = 1;
				LastSwiftUpdateCheck = 1420;
				LastUpgradeCheck = 1420;
				TargetAttributes = {
					F31B8C8629889A5200AE99BA = {
						CreatedOnToolsVersion = 14.2;
					};
					F31B8C9629889A5300AE99BA = {
						CreatedOnToolsVersion = 14.2;
						TestTargetID = F31B8C8629889A5200AE99BA;
					};
					F31B8CA029889A5300AE99BA = {
						CreatedOnToolsVersion = 14.2;
						TestTargetID = F31B8C8629889A5200AE99BA;
					};
				};
			};
			buildConfigurationList = F31B8C8229889A5200AE99BA /* Build configuration list for PBXProject "financial ledger" */;
			compatibilityVersion = "Xcode 14.0";
			developmentRegion = en;
			hasScannedForEncodings = 0;
			knownRegions = (
				en,
				Base,
			);
			mainGroup = F31B8C7E29889A5200AE99BA;
			productRefGroup = F31B8C8829889A5200AE99BA /* Products */;
			projectDirPath = "";
			projectRoot = "";
			targets = (
				F31B8C8629889A5200AE99BA /* financial ledger */,
				F31B8C9629889A5300AE99BA /* financial ledgerTests */,
				F31B8CA029889A5300AE99BA /* financial ledgerUITests */,
			);
		};
/* End PBXProject section */

/* Begin PBXResourcesBuildPhase section */
		F31B8C8529889A5200AE99BA /* Resources */ = {
			isa = PBXResourcesBuildPhase;
			buildActionMask = 2147483647;
			files = (
				F31B8C9229889A5300AE99BA /* Preview Assets.xcassets in Resources */,
				F31B8C8F29889A5300AE99BA /* Assets.xcassets in Resources */,
			);
			runOnlyForDeploymentPostprocessing = 0;
		};
		F31B8C9529889A5300AE99BA /* Resources */ = {
			isa = PBXResourcesBuildPhase;
			buildActionMask = 2147483647;
			files = (
			);
			runOnlyForDeploymentPostprocessing = 0;
		};
		F31B8C9F29889A5300AE99BA /* Resources */ = {
			isa = PBXResourcesBuildPhase;
			buildActionMask = 2147483647;
			files = (
			);
			runOnlyForDeploymentPostprocessing = 0;
		};
/* End PBXResourcesBuildPhase section */

/* Begin PBXSourcesBuildPhase section */
		F31B8C8329889A5200AE99BA /* Sources */ = {
			isa = PBXSourcesBuildPhase;
			buildActionMask = 2147483647;
			files = (
				F31B8C8D29889A5200AE99BA /* ContentView.swift in Sources */,
				F31B8C8B29889A5200AE99BA /* financial_ledgerApp.swift in Sources */,
			);
			runOnlyForDeploymentPostprocessing = 0;
		};
		F31B8C9329889A5300AE99BA /* Sources */ = {
			isa = PBXSourcesBuildPhase;
			buildActionMask = 2147483647;
			files = (
				F31B8C9C29889A5300AE99BA /* financial_ledgerTests.swift in Sources */,
			);
			runOnlyForDeploymentPostprocessing = 0;
		};
		F31B8C9D29889A5300AE99BA /* Sources */ = {
			isa = PBXSourcesBuildPhase;
			buildActionMask = 2147483647;
			files = (
				F31B8CA629889A5300AE99BA /* financial_ledgerUITests.swift in Sources */,
				F31B8CA829889A5300AE99BA /* financial_ledgerUITestsLaunchTests.swift in Sources */,
			);
			runOnlyForDeploymentPostprocessing = 0;
		};
/* End PBXSourcesBuildPhase section */

/* Begin PBXTargetDependency section */
		F31B8C9929889A5300AE99BA /* PBXTargetDependency */ = {
			isa = PBXTargetDependency;
			target = F31B8C8629889A5200AE99BA /* financial ledger */;
			targetProxy = F31B8C9829889A5300AE99BA /* PBXContainerItemProxy */;
		};
		F31B8CA329889A5300AE99BA /* PBXTargetDependency */ = {
			isa = PBXTargetDependency;
			target = F31B8C8629889A5200AE99BA /* financial ledger */;
			targetProxy = F31B8CA229889A5300AE99BA /* PBXContainerItemProxy */;
		};
/* End PBXTargetDependency section */

/* Begin XCBuildConfiguration section */
		F31B8CA929889A5300AE99BA /* Debug */ = {
			isa = XCBuildConfiguration;
			buildSettings = {
				ALWAYS_SEARCH_USER_PATHS = NO;
				CLANG_ANALYZER_NONNULL = YES;
				CLANG_ANALYZER_NUMBER_OBJECT_CONVERSION = YES_AGGRESSIVE;
				CLANG_CXX_LANGUAGE_STANDARD = "gnu++20";
				CLANG_ENABLE_MODULES = YES;
				CLANG_ENABLE_OBJC_ARC = YES;
				CLANG_ENABLE_OBJC_WEAK = YES;
				CLANG_WARN_BLOCK_CAPTURE_AUTORELEASING = YES;
				CLANG_WARN_BOOL_CONVERSION = YES;
				CLANG_WARN_COMMA = YES;
				CLANG_WARN_CONSTANT_CONVERSION = YES;
				CLANG_WARN_DEPRECATED_OBJC_IMPLEMENTATIONS = YES;
				CLANG_WARN_DIRECT_OBJC_ISA_USAGE = YES_ERROR;
				CLANG_WARN_DOCUMENTATION_COMMENTS = YES;
				CLANG_WARN_EMPTY_BODY = YES;
				CLANG_WARN_ENUM_CONVERSION = YES;
				CLANG_WARN_INFINITE_RECURSION = YES;
				CLANG_WARN_INT_CONVERSION = YES;
				CLANG_WARN_NON_LITERAL_NULL_CONVERSION = YES;
				CLANG_WARN_OBJC_IMPLICIT_RETAIN_SELF = YES;
				CLANG_WARN_OBJC_LITERAL_CONVERSION = YES;
				CLANG_WARN_OBJC_ROOT_CLASS = YES_ERROR;
				CLANG_WARN_QUOTED_INCLUDE_IN_FRAMEWORK_HEADER = YES;
				CLANG_WARN_RANGE_LOOP_ANALYSIS = YES;
				CLANG_WARN_STRICT_PROTOTYPES = YES;
				CLANG_WARN_SUSPICIOUS_MOVE = YES;
				CLANG_WARN_UNGUARDED_AVAILABILITY = YES_AGGRESSIVE;
				CLANG_WARN_UNREACHABLE_CODE = YES;
				CLANG_WARN__DUPLICATE_METHOD_MATCH = YES;
				COPY_PHASE_STRIP = NO;
				DEBUG_INFORMATION_FORMAT = dwarf;
				ENABLE_STRICT_OBJC_MSGSEND = YES;
				ENABLE_TESTABILITY = YES;
				GCC_C_LANGUAGE_STANDARD = gnu11;
				GCC_DYNAMIC_NO_PIC = NO;
				GCC_NO_COMMON_BLOCKS = YES;
				GCC_OPTIMIZATION_LEVEL = 0;
				GCC_PREPROCESSOR_DEFINITIONS = (
					"DEBUG=1",
					"$(inherited)",
				);
				GCC_WARN_64_TO_32_BIT_CONVERSION = YES;
				GCC_WARN_ABOUT_RETURN_TYPE = YES_ERROR;
				GCC_WARN_UNDECLARED_SELECTOR = YES;
				GCC_WARN_UNINITIALIZED_AUTOS = YES_AGGRESSIVE;
				GCC_WARN_UNUSED_FUNCTION = YES;
				GCC_WARN_UNUSED_VARIABLE = YES;
				IPHONEOS_DEPLOYMENT_TARGET = 16.2;
				MTL_ENABLE_DEBUG_INFO = INCLUDE_SOURCE;
				MTL_FAST_MATH = YES;
				ONLY_ACTIVE_ARCH = YES;
				SDKROOT = iphoneos;
				SWIFT_ACTIVE_COMPILATION_CONDITIONS = DEBUG;
				SWIFT_OPTIMIZATION_LEVEL = "-Onone";
			};
			name = Debug;
		};
		F31B8CAA29889A5300AE99BA /* Release */ = {
			isa = XCBuildConfiguration;
			buildSettings = {
				ALWAYS_SEARCH_USER_PATHS = NO;
				CLANG_ANALYZER_NONNULL = YES;
				CLANG_ANALYZER_NUMBER_OBJECT_CONVERSION = YES_AGGRESSIVE;
				CLANG_CXX_LANGUAGE_STANDARD = "gnu++20";
				CLANG_ENABLE_MODULES = YES;
				CLANG_ENABLE_OBJC_ARC = YES;
				CLANG_ENABLE_OBJC_WEAK = YES;
				CLANG_WARN_BLOCK_CAPTURE_AUTORELEASING = YES;
				CLANG_WARN_BOOL_CONVERSION = YES;
				CLANG_WARN_COMMA = YES;
				CLANG_WARN_CONSTANT_CONVERSION = YES;
				CLANG_WARN_DEPRECATED_OBJC_IMPLEMENTATIONS = YES;
				CLANG_WARN_DIRECT_OBJC_ISA_USAGE = YES_ERROR;
				CLANG_WARN_DOCUMENTATION_COMMENTS = YES;
				CLANG_WARN_EMPTY_BODY = YES;
				CLANG_WARN_ENUM_CONVERSION = YES;
				CLANG_WARN_INFINITE_RECURSION = YES;
				CLANG_WARN_INT_CONVERSION = YES;
				CLANG_WARN_NON_LITERAL_NULL_CONVERSION = YES;
				CLANG_WARN_OBJC_IMPLICIT_RETAIN_SELF = YES;
				CLANG_WARN_OBJC_LITERAL_CONVERSION = YES;
				CLANG_WARN_OBJC_ROOT_CLASS = YES_ERROR;
				CLANG_WARN_QUOTED_INCLUDE_IN_FRAMEWORK_HEADER = YES;
				CLANG_WARN_RANGE_LOOP_ANALYSIS = YES;
				CLANG_WARN_STRICT_PROTOTYPES = YES;
				CLANG_WARN_SUSPICIOUS_MOVE = YES;
				CLANG_WARN_UNGUARDED_AVAILABILITY = YES_AGGRESSIVE;
				CLANG_WARN_UNREACHABLE_CODE = YES;
				CLANG_WARN__DUPLICATE_METHOD_MATCH = YES;
				COPY_PHASE_STRIP = NO;
				DEBUG_INFORMATION_FORMAT = "dwarf-with-dsym";
				ENABLE_NS_ASSERTIONS = NO;
				ENABLE_STRICT_OBJC_MSGSEND = YES;
				GCC_C_LANGUAGE_STANDARD = gnu11;
				GCC_NO_COMMON_BLOCKS = YES;
				GCC_WARN_64_TO_32_BIT_CONVERSION = YES;
				GCC_WARN_ABOUT_RETURN_TYPE = YES_ERROR;
				GCC_WARN_UNDECLARED_SELECTOR = YES;
				GCC_WARN_UNINITIALIZED_AUTOS = YES_AGGRESSIVE;
				GCC_WARN_UNUSED_FUNCTION = YES;
				GCC_WARN_UNUSED_VARIABLE = YES;
				IPHONEOS_DEPLOYMENT_TARGET = 16.2;
				MTL_ENABLE_DEBUG_INFO = NO;
				MTL_FAST_MATH = YES;
				SDKROOT = iphoneos;
				SWIFT_COMPILATION_MODE = wholemodule;
				SWIFT_OPTIMIZATION_LEVEL = "-O";
				VALIDATE_PRODUCT = YES;
			};
			name = Release;
		};
		F31B8CAC29889A5300AE99BA /* Debug */ = {
			isa = XCBuildConfiguration;
			buildSettings = {
				ASSETCATALOG_COMPILER_APPICON_NAME = AppIcon;
				ASSETCATALOG_COMPILER_GLOBAL_ACCENT_COLOR_NAME = AccentColor;
				CODE_SIGN_STYLE = Automatic;
				CURRENT_PROJECT_VERSION = 1;
				DEVELOPMENT_ASSET_PATHS = "\"financial ledger/Preview Content\"";
				DEVELOPMENT_TEAM = 33DNUM53Q8;
				ENABLE_PREVIEWS = YES;
				GENERATE_INFOPLIST_FILE = YES;
				INFOPLIST_KEY_UIApplicationSceneManifest_Generation = YES;
				INFOPLIST_KEY_UIApplicationSupportsIndirectInputEvents = YES;
				INFOPLIST_KEY_UILaunchScreen_Generation = YES;
				INFOPLIST_KEY_UISupportedInterfaceOrientations_iPad = "UIInterfaceOrientationPortrait UIInterfaceOrientationPortraitUpsideDown UIInterfaceOrientationLandscapeLeft UIInterfaceOrientationLandscapeRight";
				INFOPLIST_KEY_UISupportedInterfaceOrientations_iPhone = "UIInterfaceOrientationPortrait UIInterfaceOrientationLandscapeLeft UIInterfaceOrientationLandscapeRight";
				LD_RUNPATH_SEARCH_PATHS = (
					"$(inherited)",
					"@executable_path/Frameworks",
				);
				MARKETING_VERSION = 1.0;
				PRODUCT_BUNDLE_IDENTIFIER = "com.Jun.financial-ledger";
				PRODUCT_NAME = "$(TARGET_NAME)";
				SWIFT_EMIT_LOC_STRINGS = YES;
				SWIFT_VERSION = 5.0;
				TARGETED_DEVICE_FAMILY = "1,2";
			};
			name = Debug;
		};
		F31B8CAD29889A5300AE99BA /* Release */ = {
			isa = XCBuildConfiguration;
			buildSettings = {
				ASSETCATALOG_COMPILER_APPICON_NAME = AppIcon;
				ASSETCATALOG_COMPILER_GLOBAL_ACCENT_COLOR_NAME = AccentColor;
				CODE_SIGN_STYLE = Automatic;
				CURRENT_PROJECT_VERSION = 1;
				DEVELOPMENT_ASSET_PATHS = "\"financial ledger/Preview Content\"";
				DEVELOPMENT_TEAM = 33DNUM53Q8;
				ENABLE_PREVIEWS = YES;
				GENERATE_INFOPLIST_FILE = YES;
				INFOPLIST_KEY_UIApplicationSceneManifest_Generation = YES;
				INFOPLIST_KEY_UIApplicationSupportsIndirectInputEvents = YES;
				INFOPLIST_KEY_UILaunchScreen_Generation = YES;
				INFOPLIST_KEY_UISupportedInterfaceOrientations_iPad = "UIInterfaceOrientationPortrait UIInterfaceOrientationPortraitUpsideDown UIInterfaceOrientationLandscapeLeft UIInterfaceOrientationLandscapeRight";
				INFOPLIST_KEY_UISupportedInterfaceOrientations_iPhone = "UIInterfaceOrientationPortrait UIInterfaceOrientationLandscapeLeft UIInterfaceOrientationLandscapeRight";
				LD_RUNPATH_SEARCH_PATHS = (
					"$(inherited)",
					"@executable_path/Frameworks",
				);
				MARKETING_VERSION = 1.0;
				PRODUCT_BUNDLE_IDENTIFIER = "com.Jun.financial-ledger";
				PRODUCT_NAME = "$(TARGET_NAME)";
				SWIFT_EMIT_LOC_STRINGS = YES;
				SWIFT_VERSION = 5.0;
				TARGETED_DEVICE_FAMILY = "1,2";
			};
			name = Release;
		};
		F31B8CAF29889A5300AE99BA /* Debug */ = {
			isa = XCBuildConfiguration;
			buildSettings = {
				ALWAYS_EMBED_SWIFT_STANDARD_LIBRARIES = YES;
				BUNDLE_LOADER = "$(TEST_HOST)";
				CODE_SIGN_STYLE = Automatic;
				CURRENT_PROJECT_VERSION = 1;
				DEVELOPMENT_TEAM = 33DNUM53Q8;
				GENERATE_INFOPLIST_FILE = YES;
				IPHONEOS_DEPLOYMENT_TARGET = 16.2;
				MARKETING_VERSION = 1.0;
				PRODUCT_BUNDLE_IDENTIFIER = "com.Jun.financial-ledgerTests";
				PRODUCT_NAME = "$(TARGET_NAME)";
				SWIFT_EMIT_LOC_STRINGS = NO;
				SWIFT_VERSION = 5.0;
				TARGETED_DEVICE_FAMILY = "1,2";
				TEST_HOST = "$(BUILT_PRODUCTS_DIR)/financial ledger.app/$(BUNDLE_EXECUTABLE_FOLDER_PATH)/financial ledger";
			};
			name = Debug;
		};
		F31B8CB029889A5300AE99BA /* Release */ = {
			isa = XCBuildConfiguration;
			buildSettings = {
				ALWAYS_EMBED_SWIFT_STANDARD_LIBRARIES = YES;
				BUNDLE_LOADER = "$(TEST_HOST)";
				CODE_SIGN_STYLE = Automatic;
				CURRENT_PROJECT_VERSION = 1;
				DEVELOPMENT_TEAM = 33DNUM53Q8;
				GENERATE_INFOPLIST_FILE = YES;
				IPHONEOS_DEPLOYMENT_TARGET = 16.2;
				MARKETING_VERSION = 1.0;
				PRODUCT_BUNDLE_IDENTIFIER = "com.Jun.financial-ledgerTests";
				PRODUCT_NAME = "$(TARGET_NAME)";
				SWIFT_EMIT_LOC_STRINGS = NO;
				SWIFT_VERSION = 5.0;
				TARGETED_DEVICE_FAMILY = "1,2";
				TEST_HOST = "$(BUILT_PRODUCTS_DIR)/financial ledger.app/$(BUNDLE_EXECUTABLE_FOLDER_PATH)/financial ledger";
			};
			name = Release;
		};
		F31B8CB229889A5300AE99BA /* Debug */ = {
			isa = XCBuildConfiguration;
			buildSettings = {
				ALWAYS_EMBED_SWIFT_STANDARD_LIBRARIES = YES;
				CODE_SIGN_STYLE = Automatic;
				CURRENT_PROJECT_VERSION = 1;
				DEVELOPMENT_TEAM = 33DNUM53Q8;
				GENERATE_INFOPLIST_FILE = YES;
				MARKETING_VERSION = 1.0;
				PRODUCT_BUNDLE_IDENTIFIER = "com.Jun.financial-ledgerUITests";
				PRODUCT_NAME = "$(TARGET_NAME)";
				SWIFT_EMIT_LOC_STRINGS = NO;
				SWIFT_VERSION = 5.0;
				TARGETED_DEVICE_FAMILY = "1,2";
				TEST_TARGET_NAME = "financial ledger";
			};
			name = Debug;
		};
		F31B8CB329889A5300AE99BA /* Release */ = {
			isa = XCBuildConfiguration;
			buildSettings = {
				ALWAYS_EMBED_SWIFT_STANDARD_LIBRARIES = YES;
				CODE_SIGN_STYLE = Automatic;
				CURRENT_PROJECT_VERSION = 1;
				DEVELOPMENT_TEAM = 33DNUM53Q8;
				GENERATE_INFOPLIST_FILE = YES;
				MARKETING_VERSION = 1.0;
				PRODUCT_BUNDLE_IDENTIFIER = "com.Jun.financial-ledgerUITests";
				PRODUCT_NAME = "$(TARGET_NAME)";
				SWIFT_EMIT_LOC_STRINGS = NO;
				SWIFT_VERSION = 5.0;
				TARGETED_DEVICE_FAMILY = "1,2";
				TEST_TARGET_NAME = "financial ledger";
			};
			name = Release;
		};
/* End XCBuildConfiguration section */

/* Begin XCConfigurationList section */
		F31B8C8229889A5200AE99BA /* Build configuration list for PBXProject "financial ledger" */ = {
			isa = XCConfigurationList;
			buildConfigurations = (
				F31B8CA929889A5300AE99BA /* Debug */,
				F31B8CAA29889A5300AE99BA /* Release */,
			);
			defaultConfigurationIsVisible = 0;
			defaultConfigurationName = Release;
		};
		F31B8CAB29889A5300AE99BA /* Build configuration list for PBXNativeTarget "financial ledger" */ = {
			isa = XCConfigurationList;
			buildConfigurations = (
				F31B8CAC29889A5300AE99BA /* Debug */,
				F31B8CAD29889A5300AE99BA /* Release */,
			);
			defaultConfigurationIsVisible = 0;
			defaultConfigurationName = Release;
		};
		F31B8CAE29889A5300AE99BA /* Build configuration list for PBXNativeTarget "financial ledgerTests" */ = {
			isa = XCConfigurationList;
			buildConfigurations = (
				F31B8CAF29889A5300AE99BA /* Debug */,
				F31B8CB029889A5300AE99BA /* Release */,
			);
			defaultConfigurationIsVisible = 0;
			defaultConfigurationName = Release;
		};
		F31B8CB129889A5300AE99BA /* Build configuration list for PBXNativeTarget "financial ledgerUITests" */ = {
			isa = XCConfigurationList;
			buildConfigurations = (
				F31B8CB229889A5300AE99BA /* Debug */,
				F31B8CB329889A5300AE99BA /* Release */,
			);
			defaultConfigurationIsVisible = 0;
			defaultConfigurationName = Release;
		};
/* End XCConfigurationList section */
	};
	rootObject = F31B8C7F29889A5200AE99BA /* Project object */;
}
